
Microsoft Visual Studio Solution File, Format Version 12.00
# Visual Studio Version 17
VisualStudioVersion = 17.13.35931.197 d17.13
MinimumVisualStudioVersion = 10.0.40219.1
Project("{FAE04EC0-301F-11D3-BF4B-00C04F79EFBC}") = "DateTime", "DateTime\DateTime.csproj", "{6CFFF79E-22F1-4418-836D-6EC2E90371B7}"
EndProject
Global
	GlobalSection(SolutionConfigurationPlatforms) = preSolution
		Debug|Any CPU = Debug|Any CPU
		Release|Any CPU = Release|Any CPU
	EndGlobalSection
	GlobalSection(ProjectConfigurationPlatforms) = postSolution
		{6CFFF79E-22F1-4418-836D-6EC2E90371B7}.Debug|Any CPU.ActiveCfg = Debug|Any CPU
		{6CFFF79E-22F1-4418-836D-6EC2E90371B7}.Debug|Any CPU.Build.0 = Debug|Any CPU
		{6CFFF79E-22F1-4418-836D-6EC2E90371B7}.Release|Any CPU.ActiveCfg = Release|Any CPU
		{6CFFF79E-22F1-4418-836D-6EC2E90371B7}.Release|Any CPU.Build.0 = Release|Any CPU
	EndGlobalSection
	GlobalSection(SolutionProperties) = preSolution
		HideSolutionNode = FALSE
	EndGlobalSection
	GlobalSection(ExtensibilityGlobals) = postSolution
		SolutionGuid = {88A66AE7-6293-4401-AFF1-EE37F8F87D6E}
	EndGlobalSection
EndGlobal
